// !$*UTF8*$!
{
	archiveVersion = 1;
	classes = {
	};
	objectVersion = 46;
	objects = {

/* Begin PBXBuildFile section */
		1615CCE31A5714D100120C9A /* AppDelegate.swift in Sources */ = {isa = PBXBuildFile; fileRef = 1615CCE21A5714D100120C9A /* AppDelegate.swift */; };
		1615CCE51A5714D100120C9A /* ViewController.swift in Sources */ = {isa = PBXBuildFile; fileRef = 1615CCE41A5714D100120C9A /* ViewController.swift */; };
		1615CCE81A5714D100120C9A /* Main.storyboard in Resources */ = {isa = PBXBuildFile; fileRef = 1615CCE61A5714D100120C9A /* Main.storyboard */; };
		1615CCEA1A5714D100120C9A /* Images.xcassets in Resources */ = {isa = PBXBuildFile; fileRef = 1615CCE91A5714D100120C9A /* Images.xcassets */; };
		1615CCED1A5714D100120C9A /* LaunchScreen.xib in Resources */ = {isa = PBXBuildFile; fileRef = 1615CCEB1A5714D100120C9A /* LaunchScreen.xib */; };
		1615CCF91A5714D200120C9A /* PostcardTests.swift in Sources */ = {isa = PBXBuildFile; fileRef = 1615CCF81A5714D200120C9A /* PostcardTests.swift */; };
		1615CD031A57A5E200120C9A /* SagradaFamilia.jpeg in Resources */ = {isa = PBXBuildFile; fileRef = 1615CD021A57A5E200120C9A /* SagradaFamilia.jpeg */; };
		1615CD051A57A8E600120C9A /* AlbertEinsteinStamp.jpg in Resources */ = {isa = PBXBuildFile; fileRef = 1615CD041A57A8E600120C9A /* AlbertEinsteinStamp.jpg */; };
/* End PBXBuildFile section */

/* Begin PBXContainerItemProxy section */
		1615CCF31A5714D200120C9A /* PBXContainerItemProxy */ = {
			isa = PBXContainerItemProxy;
			containerPortal = 1615CCD51A5714D100120C9A /* Project object */;
			proxyType = 1;
			remoteGlobalIDString = 1615CCDC1A5714D100120C9A;
			remoteInfo = Postcard;
		};
/* End PBXContainerItemProxy section */

/* Begin PBXFileReference section */
		1615CCDD1A5714D100120C9A /* Postcard.app */ = {isa = PBXFileReference; explicitFileType = wrapper.application; includeInIndex = 0; path = Postcard.app; sourceTree = BUILT_PRODUCTS_DIR; };
		1615CCE11A5714D100120C9A /* Info.plist */ = {isa = PBXFileReference; lastKnownFileType = text.plist.xml; path = Info.plist; sourceTree = "<group>"; };
		1615CCE21A5714D100120C9A /* AppDelegate.swift */ = {isa = PBXFileReference; lastKnownFileType = sourcecode.swift; path = AppDelegate.swift; sourceTree = "<group>"; };
		1615CCE41A5714D100120C9A /* ViewController.swift */ = {isa = PBXFileReference; lastKnownFileType = sourcecode.swift; path = ViewController.swift; sourceTree = "<group>"; };
		1615CCE71A5714D100120C9A /* Base */ = {isa = PBXFileReference; lastKnownFileType = file.storyboard; name = Base; path = Base.lproj/Main.storyboard; sourceTree = "<group>"; };
		1615CCE91A5714D100120C9A /* Images.xcassets */ = {isa = PBXFileReference; lastKnownFileType = folder.assetcatalog; path = Images.xcassets; sourceTree = "<group>"; };
		1615CCEC1A5714D100120C9A /* Base */ = {isa = PBXFileReference; lastKnownFileType = file.xib; name = Base; path = Base.lproj/LaunchScreen.xib; sourceTree = "<group>"; };
		1615CCF21A5714D200120C9A /* PostcardTests.xctest */ = {isa = PBXFileReference; explicitFileType = wrapper.cfbundle; includeInIndex = 0; path = PostcardTests.xctest; sourceTree = BUILT_PRODUCTS_DIR; };
		1615CCF71A5714D200120C9A /* Info.plist */ = {isa = PBXFileReference; lastKnownFileType = text.plist.xml; path = Info.plist; sourceTree = "<group>"; };
		1615CCF81A5714D200120C9A /* PostcardTests.swift */ = {isa = PBXFileReference; lastKnownFileType = sourcecode.swift; path = PostcardTests.swift; sourceTree = "<group>"; };
		1615CD021A57A5E200120C9A /* SagradaFamilia.jpeg */ = {isa = PBXFileReference; lastKnownFileType = image.jpeg; path = SagradaFamilia.jpeg; sourceTree = "<group>"; };
		1615CD041A57A8E600120C9A /* AlbertEinsteinStamp.jpg */ = {isa = PBXFileReference; lastKnownFileType = image.jpeg; path = AlbertEinsteinStamp.jpg; sourceTree = "<group>"; };
/* End PBXFileReference section */

/* Begin PBXFrameworksBuildPhase section */
		1615CCDA1A5714D100120C9A /* Frameworks */ = {
			isa = PBXFrameworksBuildPhase;
			buildActionMask = 2147483647;
			files = (
			);
			runOnlyForDeploymentPostprocessing = 0;
		};
		1615CCEF1A5714D200120C9A /* Frameworks */ = {
			isa = PBXFrameworksBuildPhase;
			buildActionMask = 2147483647;
			files = (
			);
			runOnlyForDeploymentPostprocessing = 0;
		};
/* End PBXFrameworksBuildPhase section */

/* Begin PBXGroup section */
		1615CCD41A5714D100120C9A = {
			isa = PBXGroup;
			children = (
				1615CCDF1A5714D100120C9A /* Postcard */,
				1615CCF51A5714D200120C9A /* PostcardTests */,
				1615CCDE1A5714D100120C9A /* Products */,
			);
			sourceTree = "<group>";
		};
		1615CCDE1A5714D100120C9A /* Products */ = {
			isa = PBXGroup;
			children = (
				1615CCDD1A5714D100120C9A /* Postcard.app */,
				1615CCF21A5714D200120C9A /* PostcardTests.xctest */,
			);
			name = Products;
			sourceTree = "<group>";
		};
		1615CCDF1A5714D100120C9A /* Postcard */ = {
			isa = PBXGroup;
			children = (
				1615CCE21A5714D100120C9A /* AppDelegate.swift */,
				1615CCE41A5714D100120C9A /* ViewController.swift */,
				1615CCE61A5714D100120C9A /* Main.storyboard */,
				1615CCE91A5714D100120C9A /* Images.xcassets */,
				1615CCEB1A5714D100120C9A /* LaunchScreen.xib */,
				1615CCE01A5714D100120C9A /* Supporting Files */,
			);
			path = Postcard;
			sourceTree = "<group>";
		};
		1615CCE01A5714D100120C9A /* Supporting Files */ = {
			isa = PBXGroup;
			children = (
				1615CD041A57A8E600120C9A /* AlbertEinsteinStamp.jpg */,
				1615CD021A57A5E200120C9A /* SagradaFamilia.jpeg */,
				1615CCE11A5714D100120C9A /* Info.plist */,
			);
			name = "Supporting Files";
			sourceTree = "<group>";
		};
		1615CCF51A5714D200120C9A /* PostcardTests */ = {
			isa = PBXGroup;
			children = (
				1615CCF81A5714D200120C9A /* PostcardTests.swift */,
				1615CCF61A5714D200120C9A /* Supporting Files */,
			);
			path = PostcardTests;
			sourceTree = "<group>";
		};
		1615CCF61A5714D200120C9A /* Supporting Files */ = {
			isa = PBXGroup;
			children = (
				1615CCF71A5714D200120C9A /* Info.plist */,
			);
			name = "Supporting Files";
			sourceTree = "<group>";
		};
/* End PBXGroup section */

/* Begin PBXNativeTarget section */
		1615CCDC1A5714D100120C9A /* Postcard */ = {
			isa = PBXNativeTarget;
			buildConfigurationList = 1615CCFC1A5714D200120C9A /* Build configuration list for PBXNativeTarget "Postcard" */;
			buildPhases = (
				1615CCD91A5714D100120C9A /* Sources */,
				1615CCDA1A5714D100120C9A /* Frameworks */,
				1615CCDB1A5714D100120C9A /* Resources */,
			);
			buildRules = (
			);
			dependencies = (
			);
			name = Postcard;
			productName = Postcard;
			productReference = 1615CCDD1A5714D100120C9A /* Postcard.app */;
			productType = "com.apple.product-type.application";
		};
		1615CCF11A5714D200120C9A /* PostcardTests */ = {
			isa = PBXNativeTarget;
			buildConfigurationList = 1615CCFF1A5714D200120C9A /* Build configuration list for PBXNativeTarget "PostcardTests" */;
			buildPhases = (
				1615CCEE1A5714D200120C9A /* Sources */,
				1615CCEF1A5714D200120C9A /* Frameworks */,
				1615CCF01A5714D200120C9A /* Resources */,
			);
			buildRules = (
			);
			dependencies = (
				1615CCF41A5714D200120C9A /* PBXTargetDependency */,
			);
			name = PostcardTests;
			productName = PostcardTests;
			productReference = 1615CCF21A5714D200120C9A /* PostcardTests.xctest */;
			productType = "com.apple.product-type.bundle.unit-test";
		};
/* End PBXNativeTarget section */

/* Begin PBXProject section */
		1615CCD51A5714D100120C9A /* Project object */ = {
			isa = PBXProject;
			attributes = {
				LastUpgradeCheck = 0610;
				ORGANIZATIONNAME = "Luna Dev";
				TargetAttributes = {
					1615CCDC1A5714D100120C9A = {
						CreatedOnToolsVersion = 6.1.1;
					};
					1615CCF11A5714D200120C9A = {
						CreatedOnToolsVersion = 6.1.1;
						TestTargetID = 1615CCDC1A5714D100120C9A;
					};
				};
			};
			buildConfigurationList = 1615CCD81A5714D100120C9A /* Build configuration list for PBXProject "Postcard" */;
			compatibilityVersion = "Xcode 3.2";
			developmentRegion = English;
			hasScannedForEncodings = 0;
			knownRegions = (
				en,
				Base,
			);
			mainGroup = 1615CCD41A5714D100120C9A;
			productRefGroup = 1615CCDE1A5714D100120C9A /* Products */;
			projectDirPath = "";
			projectRoot = "";
			targets = (
				1615CCDC1A5714D100120C9A /* Postcard */,
				1615CCF11A5714D200120C9A /* PostcardTests */,
			);
		};
/* End PBXProject section */

/* Begin PBXResourcesBuildPhase section */
		1615CCDB1A5714D100120C9A /* Resources */ = {
			isa = PBXResourcesBuildPhase;
			buildActionMask = 2147483647;
			files = (
				1615CCE81A5714D100120C9A /* Main.storyboard in Resources */,
				1615CD031A57A5E200120C9A /* SagradaFamilia.jpeg in Resources */,
				1615CD051A57A8E600120C9A /* AlbertEinsteinStamp.jpg in Resources */,
				1615CCED1A5714D100120C9A /* LaunchScreen.xib in Resources */,
				1615CCEA1A5714D100120C9A /* Images.xcassets in Resources */,
			);
			runOnlyForDeploymentPostprocessing = 0;
		};
		1615CCF01A5714D200120C9A /* Resources */ = {
			isa = PBXResourcesBuildPhase;
			buildActionMask = 2147483647;
			files = (
			);
			runOnlyForDeploymentPostprocessing = 0;
		};
/* End PBXResourcesBuildPhase section */

/* Begin PBXSourcesBuildPhase section */
		1615CCD91A5714D100120C9A /* Sources */ = {
			isa = PBXSourcesBuildPhase;
			buildActionMask = 2147483647;
			files = (
				1615CCE51A5714D100120C9A /* ViewController.swift in Sources */,
				1615CCE31A5714D100120C9A /* AppDelegate.swift in Sources */,
			);
			runOnlyForDeploymentPostprocessing = 0;
		};
		1615CCEE1A5714D200120C9A /* Sources */ = {
			isa = PBXSourcesBuildPhase;
			buildActionMask = 2147483647;
			files = (
				1615CCF91A5714D200120C9A /* PostcardTests.swift in Sources */,
			);
			runOnlyForDeploymentPostprocessing = 0;
		};
/* End PBXSourcesBuildPhase section */

/* Begin PBXTargetDependency section */
		1615CCF41A5714D200120C9A /* PBXTargetDependency */ = {
			isa = PBXTargetDependency;
			target = 1615CCDC1A5714D100120C9A /* Postcard */;
			targetProxy = 1615CCF31A5714D200120C9A /* PBXContainerItemProxy */;
		};
/* End PBXTargetDependency section */

/* Begin PBXVariantGroup section */
		1615CCE61A5714D100120C9A /* Main.storyboard */ = {
			isa = PBXVariantGroup;
			children = (
				1615CCE71A5714D100120C9A /* Base */,
			);
			name = Main.storyboard;
			sourceTree = "<group>";
		};
		1615CCEB1A5714D100120C9A /* LaunchScreen.xib */ = {
			isa = PBXVariantGroup;
			children = (
				1615CCEC1A5714D100120C9A /* Base */,
			);
			name = LaunchScreen.xib;
			sourceTree = "<group>";
		};
/* End PBXVariantGroup section */

/* Begin XCBuildConfiguration section */
		1615CCFA1A5714D200120C9A /* Debug */ = {
			isa = XCBuildConfiguration;
			buildSettings = {
				ALWAYS_SEARCH_USER_PATHS = NO;
				CLANG_CXX_LANGUAGE_STANDARD = "gnu++0x";
				CLANG_CXX_LIBRARY = "libc++";
				CLANG_ENABLE_MODULES = YES;
				CLANG_ENABLE_OBJC_ARC = YES;
				CLANG_WARN_BOOL_CONVERSION = YES;
				CLANG_WARN_CONSTANT_CONVERSION = YES;
				CLANG_WARN_DIRECT_OBJC_ISA_USAGE = YES_ERROR;
				CLANG_WARN_EMPTY_BODY = YES;
				CLANG_WARN_ENUM_CONVERSION = YES;
				CLANG_WARN_INT_CONVERSION = YES;
				CLANG_WARN_OBJC_ROOT_CLASS = YES_ERROR;
				CLANG_WARN_UNREACHABLE_CODE = YES;
				CLANG_WARN__DUPLICATE_METHOD_MATCH = YES;
				"CODE_SIGN_IDENTITY[sdk=iphoneos*]" = "iPhone Developer";
				COPY_PHASE_STRIP = NO;
				ENABLE_STRICT_OBJC_MSGSEND = YES;
				GCC_C_LANGUAGE_STANDARD = gnu99;
				GCC_DYNAMIC_NO_PIC = NO;
				GCC_OPTIMIZATION_LEVEL = 0;
				GCC_PREPROCESSOR_DEFINITIONS = (
					"DEBUG=1",
					"$(inherited)",
				);
				GCC_SYMBOLS_PRIVATE_EXTERN = NO;
				GCC_WARN_64_TO_32_BIT_CONVERSION = YES;
				GCC_WARN_ABOUT_RETURN_TYPE = YES_ERROR;
				GCC_WARN_UNDECLARED_SELECTOR = YES;
				GCC_WARN_UNINITIALIZED_AUTOS = YES_AGGRESSIVE;
				GCC_WARN_UNUSED_FUNCTION = YES;
				GCC_WARN_UNUSED_VARIABLE = YES;
				IPHONEOS_DEPLOYMENT_TARGET = 8.1;
				MTL_ENABLE_DEBUG_INFO = YES;
				ONLY_ACTIVE_ARCH = YES;
				SDKROOT = iphoneos;
				SWIFT_OPTIMIZATION_LEVEL = "-Onone";
				TARGETED_DEVICE_FAMILY = "1,2";
			};
			name = Debug;
		};
		1615CCFB1A5714D200120C9A /* Release */ = {
			isa = XCBuildConfiguration;
			buildSettings = {
				ALWAYS_SEARCH_USER_PATHS = NO;
				CLANG_CXX_LANGUAGE_STANDARD = "gnu++0x";
				CLANG_CXX_LIBRARY = "libc++";
				CLANG_ENABLE_MODULES = YES;
				CLANG_ENABLE_OBJC_ARC = YES;
				CLANG_WARN_BOOL_CONVERSION = YES;
				CLANG_WARN_CONSTANT_CONVERSION = YES;
				CLANG_WARN_DIRECT_OBJC_ISA_USAGE = YES_ERROR;
				CLANG_WARN_EMPTY_BODY = YES;
				CLANG_WARN_ENUM_CONVERSION = YES;
				CLANG_WARN_INT_CONVERSION = YES;
				CLANG_WARN_OBJC_ROOT_CLASS = YES_ERROR;
				CLANG_WARN_UNREACHABLE_CODE = YES;
				CLANG_WARN__DUPLICATE_METHOD_MATCH = YES;
				"CODE_SIGN_IDENTITY[sdk=iphoneos*]" = "iPhone Developer";
				COPY_PHASE_STRIP = YES;
				ENABLE_NS_ASSERTIONS = NO;
				ENABLE_STRICT_OBJC_MSGSEND = YES;
				GCC_C_LANGUAGE_STANDARD = gnu99;
				GCC_WARN_64_TO_32_BIT_CONVERSION = YES;
				GCC_WARN_ABOUT_RETURN_TYPE = YES_ERROR;
				GCC_WARN_UNDECLARED_SELECTOR = YES;
				GCC_WARN_UNINITIALIZED_AUTOS = YES_AGGRESSIVE;
				GCC_WARN_UNUSED_FUNCTION = YES;
				GCC_WARN_UNUSED_VARIABLE = YES;
				IPHONEOS_DEPLOYMENT_TARGET = 8.1;
				MTL_ENABLE_DEBUG_INFO = NO;
				SDKROOT = iphoneos;
				TARGETED_DEVICE_FAMILY = "1,2";
				VALIDATE_PRODUCT = YES;
			};
			name = Release;
		};
		1615CCFD1A5714D200120C9A /* Debug */ = {
			isa = XCBuildConfiguration;
			buildSettings = {
				ASSETCATALOG_COMPILER_APPICON_NAME = AppIcon;
				INFOPLIST_FILE = Postcard/Info.plist;
				LD_RUNPATH_SEARCH_PATHS = "$(inherited) @executable_path/Frameworks";
				PRODUCT_NAME = "$(TARGET_NAME)";
			};
			name = Debug;
		};
		1615CCFE1A5714D200120C9A /* Release */ = {
			isa = XCBuildConfiguration;
			buildSettings = {
				ASSETCATALOG_COMPILER_APPICON_NAME = AppIcon;
				INFOPLIST_FILE = Postcard/Info.plist;
				LD_RUNPATH_SEARCH_PATHS = "$(inherited) @executable_path/Frameworks";
				PRODUCT_NAME = "$(TARGET_NAME)";
			};
			name = Release;
		};
		1615CD001A5714D200120C9A /* Debug */ = {
			isa = XCBuildConfiguration;
			buildSettings = {
				BUNDLE_LOADER = "$(TEST_HOST)";
				FRAMEWORK_SEARCH_PATHS = (
					"$(SDKROOT)/Developer/Library/Frameworks",
					"$(inherited)",
				);
				GCC_PREPROCESSOR_DEFINITIONS = (
					"DEBUG=1",
					"$(inherited)",
				);
				INFOPLIST_FILE = PostcardTests/Info.plist;
				LD_RUNPATH_SEARCH_PATHS = "$(inherited) @executable_path/Frameworks @loader_path/Frameworks";
				PRODUCT_NAME = "$(TARGET_NAME)";
				TEST_HOST = "$(BUILT_PRODUCTS_DIR)/Postcard.app/Postcard";
			};
			name = Debug;
		};
		1615CD011A5714D200120C9A /* Release */ = {
			isa = XCBuildConfiguration;
			buildSettings = {
				BUNDLE_LOADER = "$(TEST_HOST)";
				FRAMEWORK_SEARCH_PATHS = (
					"$(SDKROOT)/Developer/Library/Frameworks",
					"$(inherited)",
				);
				INFOPLIST_FILE = PostcardTests/Info.plist;
				LD_RUNPATH_SEARCH_PATHS = "$(inherited) @executable_path/Frameworks @loader_path/Frameworks";
				PRODUCT_NAME = "$(TARGET_NAME)";
				TEST_HOST = "$(BUILT_PRODUCTS_DIR)/Postcard.app/Postcard";
			};
			name = Release;
		};
/* End XCBuildConfiguration section */

/* Begin XCConfigurationList section */
		1615CCD81A5714D100120C9A /* Build configuration list for PBXProject "Postcard" */ = {
			isa = XCConfigurationList;
			buildConfigurations = (
				1615CCFA1A5714D200120C9A /* Debug */,
				1615CCFB1A5714D200120C9A /* Release */,
			);
			defaultConfigurationIsVisible = 0;
			defaultConfigurationName = Release;
		};
		1615CCFC1A5714D200120C9A /* Build configuration list for PBXNativeTarget "Postcard" */ = {
			isa = XCConfigurationList;
			buildConfigurations = (
				1615CCFD1A5714D200120C9A /* Debug */,
				1615CCFE1A5714D200120C9A /* Release */,
			);
			defaultConfigurationIsVisible = 0;
		};
		1615CCFF1A5714D200120C9A /* Build configuration list for PBXNativeTarget "PostcardTests" */ = {
			isa = XCConfigurationList;
			buildConfigurations = (
				1615CD001A5714D200120C9A /* Debug */,
				1615CD011A5714D200120C9A /* Release */,
			);
			defaultConfigurationIsVisible = 0;
		};
/* End XCConfigurationList section */
	};
	rootObject = 1615CCD51A5714D100120C9A /* Project object */;
}
